{
  "name": "crate",
  "requires": true,
  "lockfileVersion": 1,
  "dependencies": {
    "@dabh/diagnostics": {
      "version": "2.0.2",
      "resolved": "https://registry.npm.taobao.org/@dabh/diagnostics/download/@dabh/diagnostics-2.0.2.tgz",
      "integrity": "sha1-KQ0I97OBuPlGB9yPRxoSxnX52zE=",
      "requires": {
        "colorspace": "1.1.x",
        "enabled": "2.0.x",
        "kuler": "^2.0.0"
      }
    },
    "@koa/router": {
      "version": "10.1.1",
      "resolved": "https://registry.nlark.com/@koa/router/download/@koa/router-10.1.1.tgz",
      "integrity": "sha1-jlqFybJD4Lx3aALA3lZFYeV6X3g=",
      "requires": {
        "debug": "^4.1.1",
        "http-errors": "^1.7.3",
        "koa-compose": "^4.1.0",
        "methods": "^1.1.2",
        "path-to-regexp": "^6.1.0"
      }
    },
    "accepts": {
      "version": "1.3.7",
      "resolved": "https://registry.npm.taobao.org/accepts/download/accepts-1.3.7.tgz",
      "integrity": "sha1-UxvHJlF6OytB+FACHGzBXqq1B80=",
      "requires": {
        "mime-types": "~2.1.24",
        "negotiator": "0.6.2"
      }
    },
    "async": {
      "version": "3.2.1",
      "resolved": "https://registry.nlark.com/async/download/async-3.2.1.tgz?cache=0&other_urls=https%3A%2F%2Fregistry.nlark.com%2Fasync%2Fdownload%2Fasync-3.2.1.tgz",
      "integrity": "sha1-0ydOxm0QekdHakxJE2qs2wBmX8g="
    },
    "bytes": {
      "version": "3.1.0",
      "resolved": "https://registry.npm.taobao.org/bytes/download/bytes-3.1.0.tgz",
      "integrity": "sha1-9s95M6Ng4FiPqf3oVlHNx/gF0fY="
    },
    "cache-content-type": {
      "version": "1.0.1",
      "resolved": "https://registry.nlark.com/cache-content-type/download/cache-content-type-1.0.1.tgz",
      "integrity": "sha1-A1zeKwjuISn0qDFeqPAKANuhRTw=",
      "requires": {
        "mime-types": "^2.1.18",
        "ylru": "^1.2.0"
      }
    },
    "call-bind": {
      "version": "1.0.2",
      "resolved": "https://registry.npm.taobao.org/call-bind/download/call-bind-1.0.2.tgz",
      "integrity": "sha1-sdTonmiBGcPJqQOtMKuy9qkZvjw=",
      "requires": {
        "function-bind": "^1.1.1",
        "get-intrinsic": "^1.0.2"
      }
    },
    "co": {
      "version": "4.6.0",
      "resolved": "https://registry.npm.taobao.org/co/download/co-4.6.0.tgz",
      "integrity": "sha1-bqa989hTrlTMuOR7+gvz+QMfsYQ="
    },
    "co-body": {
      "version": "6.1.0",
      "resolved": "https://registry.npm.taobao.org/co-body/download/co-body-6.1.0.tgz",
      "integrity": "sha1-2HqO/DVk+b/jrO2O9c0Ex6h2ZUc=",
      "requires": {
        "inflation": "^2.0.0",
        "qs": "^6.5.2",
        "raw-body": "^2.3.3",
        "type-is": "^1.6.16"
      }
    },
    "color": {
      "version": "3.0.0",
      "resolved": "https://registry.nlark.com/color/download/color-3.0.0.tgz?cache=0&sync_timestamp=1628104117021&other_urls=https%3A%2F%2Fregistry.nlark.com%2Fcolor%2Fdownload%2Fcolor-3.0.0.tgz",
      "integrity": "sha1-2SC0Mo1TSjrIKV1o971LpsQnvpo=",
      "requires": {
        "color-convert": "^1.9.1",
        "color-string": "^1.5.2"
      }
    },
    "color-convert": {
      "version": "1.9.3",
      "resolved": "https://registry.npm.taobao.org/color-convert/download/color-convert-1.9.3.tgz",
      "integrity": "sha1-u3GFBpDh8TZWfeYp0tVHHe2kweg=",
      "requires": {
        "color-name": "1.1.3"
      }
    },
    "color-name": {
      "version": "1.1.3",
      "resolved": "https://registry.npm.taobao.org/color-name/download/color-name-1.1.3.tgz",
      "integrity": "sha1-p9BVi9icQveV3UIyj3QIMcpTvCU="
    },
    "color-string": {
      "version": "1.6.0",
      "resolved": "https://registry.nlark.com/color-string/download/color-string-1.6.0.tgz",
      "integrity": "sha1-w5FfYf4mdnLLfh4GTJ1pIhn2wxI=",
      "requires": {
        "color-name": "^1.0.0",
        "simple-swizzle": "^0.2.2"
      }
    },
    "colors": {
      "version": "1.4.0",
      "resolved": "https://registry.npm.taobao.org/colors/download/colors-1.4.0.tgz",
      "integrity": "sha1-xQSRR51MG9rtLJztMs98fcI2D3g="
    },
    "colorspace": {
      "version": "1.1.2",
      "resolved": "https://registry.npm.taobao.org/colorspace/download/colorspace-1.1.2.tgz",
      "integrity": "sha1-4BKJUNCCuGohaFgHlqCqXWxo2MU=",
      "requires": {
        "color": "3.0.x",
        "text-hex": "1.0.x"
      }
    },
    "content-disposition": {
      "version": "0.5.3",
      "resolved": "https://registry.npm.taobao.org/content-disposition/download/content-disposition-0.5.3.tgz",
      "integrity": "sha1-4TDK9+cnkIfFYWwgB9BIVpiYT70=",
      "requires": {
        "safe-buffer": "5.1.2"
      }
    },
    "content-type": {
      "version": "1.0.4",
      "resolved": "https://registry.npm.taobao.org/content-type/download/content-type-1.0.4.tgz",
      "integrity": "sha1-4TjMdeBAxyexlm/l5fjJruJW/js="
    },
    "cookies": {
      "version": "0.8.0",
      "resolved": "https://registry.npm.taobao.org/cookies/download/cookies-0.8.0.tgz",
      "integrity": "sha1-EpPOSzkXQKhAbjyYcOgoxLVPP5A=",
      "requires": {
        "depd": "~2.0.0",
        "keygrip": "~1.1.0"
      }
    },
    "copy-to": {
      "version": "2.0.1",
      "resolved": "https://registry.npm.taobao.org/copy-to/download/copy-to-2.0.1.tgz",
      "integrity": "sha1-JoD7uAaKSNCGVrYJgJK9r8kG9KU="
    },
    "core-util-is": {
      "version": "1.0.3",
      "resolved": "https://registry.nlark.com/core-util-is/download/core-util-is-1.0.3.tgz",
      "integrity": "sha1-pgQtNjTCsn6TKPg3uWX6yDgI24U="
    },
    "dayjs": {
      "version": "1.10.7",
      "resolved": "https://registry.nlark.com/dayjs/download/dayjs-1.10.7.tgz",
      "integrity": "sha1-LPX5Gt0oEWdIRAhmoKHSbzps5Gg="
    },
    "debug": {
      "version": "4.3.2",
      "resolved": "https://registry.nlark.com/debug/download/debug-4.3.2.tgz",
      "integrity": "sha1-8KScGKyHeeMdSgxgKd+3aHPHQos=",
      "requires": {
        "ms": "2.1.2"
      }
    },
    "deep-equal": {
      "version": "1.0.1",
      "resolved": "https://registry.npm.taobao.org/deep-equal/download/deep-equal-1.0.1.tgz?cache=0&sync_timestamp=1606859714626&other_urls=https%3A%2F%2Fregistry.npm.taobao.org%2Fdeep-equal%2Fdownload%2Fdeep-equal-1.0.1.tgz",
      "integrity": "sha1-9dJgKStmDghO/0zbyfCK0yR0SLU="
    },
    "delegates": {
      "version": "1.0.0",
      "resolved": "https://registry.npm.taobao.org/delegates/download/delegates-1.0.0.tgz",
      "integrity": "sha1-hMbhWbgZBP3KWaDvRM2HDTElD5o="
    },
    "denque": {
      "version": "2.0.1",
      "resolved": "https://registry.nlark.com/denque/download/denque-2.0.1.tgz",
      "integrity": "sha1-vO9MG4DcMu/pdRV0TyGkIpq4k0o="
    },
    "depd": {
      "version": "2.0.0",
      "resolved": "https://registry.npm.taobao.org/depd/download/depd-2.0.0.tgz",
      "integrity": "sha1-tpYWPMdXVg0JzyLMj60Vcbeedt8="
    },
    "destroy": {
      "version": "1.0.4",
      "resolved": "https://registry.npm.taobao.org/destroy/download/destroy-1.0.4.tgz",
      "integrity": "sha1-l4hXRCxEdJ5CBmE+N5RiBYJqvYA="
    },
    "ee-first": {
      "version": "1.1.1",
      "resolved": "https://registry.npm.taobao.org/ee-first/download/ee-first-1.1.1.tgz",
      "integrity": "sha1-WQxhFWsK4vTwJVcyoViyZrxWsh0="
    },
    "enabled": {
      "version": "2.0.0",
      "resolved": "https://registry.npm.taobao.org/enabled/download/enabled-2.0.0.tgz",
      "integrity": "sha1-+d2S7C1vS7wNXR5k4h1hzUZl58I="
    },
    "encodeurl": {
      "version": "1.0.2",
      "resolved": "https://registry.npm.taobao.org/encodeurl/download/encodeurl-1.0.2.tgz",
      "integrity": "sha1-rT/0yG7C0CkyL1oCw6mmBslbP1k="
    },
    "escape-html": {
      "version": "1.0.3",
      "resolved": "https://registry.npm.taobao.org/escape-html/download/escape-html-1.0.3.tgz",
      "integrity": "sha1-Aljq5NPQwJdN4cFpGI7wBR0dGYg="
    },
    "fecha": {
      "version": "4.2.1",
      "resolved": "https://registry.npm.taobao.org/fecha/download/fecha-4.2.1.tgz?cache=0&sync_timestamp=1617639941867&other_urls=https%3A%2F%2Fregistry.npm.taobao.org%2Ffecha%2Fdownload%2Ffecha-4.2.1.tgz",
      "integrity": "sha1-CoOtj4bvYqCR4iu1oDnNA9I+7M4="
    },
    "fn.name": {
      "version": "1.1.0",
      "resolved": "https://registry.npm.taobao.org/fn.name/download/fn.name-1.1.0.tgz",
      "integrity": "sha1-JsrYAXlnrqhzG8QpYdBKPVmIrMw="
    },
    "fresh": {
      "version": "0.5.2",
      "resolved": "https://registry.npm.taobao.org/fresh/download/fresh-0.5.2.tgz",
      "integrity": "sha1-PYyt2Q2XZWn6g1qx+OSyOhBWBac="
    },
    "function-bind": {
      "version": "1.1.1",
      "resolved": "https://registry.npm.taobao.org/function-bind/download/function-bind-1.1.1.tgz",
      "integrity": "sha1-pWiZ0+o8m6uHS7l3O3xe3pL0iV0="
    },
    "generate-function": {
      "version": "2.3.1",
      "resolved": "https://registry.npm.taobao.org/generate-function/download/generate-function-2.3.1.tgz",
      "integrity": "sha1-8GlhdpDBDIaOc7hGV0Z2T5fDR58=",
      "requires": {
        "is-property": "^1.0.2"
      }
    },
    "get-intrinsic": {
      "version": "1.1.1",
      "resolved": "https://registry.npm.taobao.org/get-intrinsic/download/get-intrinsic-1.1.1.tgz?cache=0&sync_timestamp=1612364352840&other_urls=https%3A%2F%2Fregistry.npm.taobao.org%2Fget-intrinsic%2Fdownload%2Fget-intrinsic-1.1.1.tgz",
      "integrity": "sha1-FfWfN2+FXERpY5SPDSTNNje0q8Y=",
      "requires": {
        "function-bind": "^1.1.1",
        "has": "^1.0.3",
        "has-symbols": "^1.0.1"
      }
    },
    "has": {
      "version": "1.0.3",
      "resolved": "https://registry.npm.taobao.org/has/download/has-1.0.3.tgz",
      "integrity": "sha1-ci18v8H2qoJB8W3YFOAR4fQeh5Y=",
      "requires": {
        "function-bind": "^1.1.1"
      }
    },
    "has-symbols": {
      "version": "1.0.2",
      "resolved": "https://registry.npm.taobao.org/has-symbols/download/has-symbols-1.0.2.tgz?cache=0&sync_timestamp=1614443577352&other_urls=https%3A%2F%2Fregistry.npm.taobao.org%2Fhas-symbols%2Fdownload%2Fhas-symbols-1.0.2.tgz",
      "integrity": "sha1-Fl0wcMADCXUqEjakeTMeOsVvFCM="
    },
    "has-tostringtag": {
      "version": "1.0.0",
      "resolved": "https://registry.nlark.com/has-tostringtag/download/has-tostringtag-1.0.0.tgz?cache=0&sync_timestamp=1628197490246&other_urls=https%3A%2F%2Fregistry.nlark.com%2Fhas-tostringtag%2Fdownload%2Fhas-tostringtag-1.0.0.tgz",
      "integrity": "sha1-fhM4GKfTlHNPlB5zw9P5KR5liyU=",
      "requires": {
        "has-symbols": "^1.0.2"
      }
    },
    "http-assert": {
      "version": "1.5.0",
      "resolved": "https://registry.nlark.com/http-assert/download/http-assert-1.5.0.tgz?cache=0&other_urls=https%3A%2F%2Fregistry.nlark.com%2Fhttp-assert%2Fdownload%2Fhttp-assert-1.5.0.tgz",
      "integrity": "sha1-w4nM2HrBbtLfpiRv1zuSaqAOa48=",
      "requires": {
        "deep-equal": "~1.0.1",
        "http-errors": "~1.8.0"
      }
    },
    "http-errors": {
      "version": "1.8.0",
      "resolved": "https://registry.npm.taobao.org/http-errors/download/http-errors-1.8.0.tgz",
      "integrity": "sha1-ddG75JfhBE9R5O6ecEpi8o0zZQc=",
      "requires": {
        "depd": "~1.1.2",
        "inherits": "2.0.4",
        "setprototypeof": "1.2.0",
        "statuses": ">= 1.5.0 < 2",
        "toidentifier": "1.0.0"
      },
      "dependencies": {
        "depd": {
          "version": "1.1.2",
          "resolved": "https://registry.npm.taobao.org/depd/download/depd-1.1.2.tgz",
          "integrity": "sha1-m81S4UwJd2PnSbJ0xDRu0uVgtak="
        }
      }
    },
    "iconv-lite": {
      "version": "0.4.24",
      "resolved": "https://registry.nlark.com/iconv-lite/download/iconv-lite-0.4.24.tgz?cache=0&other_urls=https%3A%2F%2Fregistry.nlark.com%2Ficonv-lite%2Fdownload%2Ficonv-lite-0.4.24.tgz",
      "integrity": "sha1-ICK0sl+93CHS9SSXSkdKr+czkIs=",
      "requires": {
        "safer-buffer": ">= 2.1.2 < 3"
      }
    },
    "inflation": {
      "version": "2.0.0",
      "resolved": "https://registry.npm.taobao.org/inflation/download/inflation-2.0.0.tgz",
      "integrity": "sha1-i0F+R8KPklpFEz2RTKH9OJEH8w8="
    },
    "inherits": {
      "version": "2.0.4",
      "resolved": "https://registry.npm.taobao.org/inherits/download/inherits-2.0.4.tgz",
      "integrity": "sha1-D6LGT5MpF8NDOg3tVTY6rjdBa3w="
    },
    "is-arrayish": {
      "version": "0.3.2",
      "resolved": "https://registry.npm.taobao.org/is-arrayish/download/is-arrayish-0.3.2.tgz",
      "integrity": "sha1-RXSirlb3qyBolvtDHq7tBm/fjwM="
    },
    "is-generator-function": {
      "version": "1.0.10",
      "resolved": "https://registry.nlark.com/is-generator-function/download/is-generator-function-1.0.10.tgz?cache=0&sync_timestamp=1628227835267&other_urls=https%3A%2F%2Fregistry.nlark.com%2Fis-generator-function%2Fdownload%2Fis-generator-function-1.0.10.tgz",
      "integrity": "sha1-8VWLrxrBfg3up8BBXEODUf8rPHI=",
      "requires": {
        "has-tostringtag": "^1.0.0"
      }
    },
    "is-property": {
      "version": "1.0.2",
      "resolved": "https://registry.npm.taobao.org/is-property/download/is-property-1.0.2.tgz",
      "integrity": "sha1-V/4cTkhHTt1lsJkR8msc1Ald2oQ="
    },
    "is-stream": {
      "version": "2.0.1",
      "resolved": "https://registry.nlark.com/is-stream/download/is-stream-2.0.1.tgz?cache=0&sync_timestamp=1628592856164&other_urls=https%3A%2F%2Fregistry.nlark.com%2Fis-stream%2Fdownload%2Fis-stream-2.0.1.tgz",
      "integrity": "sha1-+sHj1TuXrVqdCunO8jifWBClwHc="
    },
    "isarray": {
      "version": "1.0.0",
      "resolved": "https://registry.npm.taobao.org/isarray/download/isarray-1.0.0.tgz",
      "integrity": "sha1-u5NdSFgsuhaMBoNJV6VKPgcSTxE="
    },
    "keygrip": {
      "version": "1.1.0",
      "resolved": "https://registry.npm.taobao.org/keygrip/download/keygrip-1.1.0.tgz",
      "integrity": "sha1-hxsWgdXhWcYqRFsMdLYV4JF+ciY=",
      "requires": {
        "tsscmp": "1.0.6"
      }
    },
    "koa": {
      "version": "2.13.4",
      "resolved": "https://registry.npmmirror.com/koa/download/koa-2.13.4.tgz?cache=0&sync_timestamp=1634624120962&other_urls=https%3A%2F%2Fregistry.npmmirror.com%2Fkoa%2Fdownload%2Fkoa-2.13.4.tgz",
      "integrity": "sha1-7lsMs54LgGnDjRFROcd0gz0yRi4=",
      "requires": {
        "accepts": "^1.3.5",
        "cache-content-type": "^1.0.0",
        "content-disposition": "~0.5.2",
        "content-type": "^1.0.4",
        "cookies": "~0.8.0",
        "debug": "^4.3.2",
        "delegates": "^1.0.0",
        "depd": "^2.0.0",
        "destroy": "^1.0.4",
        "encodeurl": "^1.0.2",
        "escape-html": "^1.0.3",
        "fresh": "~0.5.2",
        "http-assert": "^1.3.0",
        "http-errors": "^1.6.3",
        "is-generator-function": "^1.0.7",
        "koa-compose": "^4.1.0",
        "koa-convert": "^2.0.0",
        "on-finished": "^2.3.0",
        "only": "~0.0.2",
        "parseurl": "^1.3.2",
        "statuses": "^1.5.0",
        "type-is": "^1.6.16",
        "vary": "^1.1.2"
      }
    },
    "koa-bodyparser": {
      "version": "4.3.0",
      "resolved": "https://registry.npm.taobao.org/koa-bodyparser/download/koa-bodyparser-4.3.0.tgz",
      "integrity": "sha1-J0x3hVX/SPoiHufzap+9us4idZo=",
      "requires": {
        "co-body": "^6.0.0",
        "copy-to": "^2.0.1"
      }
    },
    "koa-compose": {
      "version": "4.1.0",
      "resolved": "https://registry.npm.taobao.org/koa-compose/download/koa-compose-4.1.0.tgz",
      "integrity": "sha1-UHMGuTcZAdtBEhyBLpI9DWfT6Hc="
    },
    "koa-convert": {
      "version": "2.0.0",
      "resolved": "https://registry.npm.taobao.org/koa-convert/download/koa-convert-2.0.0.tgz",
      "integrity": "sha1-hqDETYHUBVG64i/uZwmQRXPupPU=",
      "requires": {
        "co": "^4.6.0",
        "koa-compose": "^4.1.0"
      }
    },
    "kuler": {
      "version": "2.0.0",
      "resolved": "https://registry.npm.taobao.org/kuler/download/kuler-2.0.0.tgz",
      "integrity": "sha1-4sVwo4ADiPtEQH6FFTHB1nCwYbM="
    },
    "logform": {
      "version": "2.3.0",
      "resolved": "https://registry.nlark.com/logform/download/logform-2.3.0.tgz",
      "integrity": "sha1-o5l6BZhd4uvTJa4NFm3/ycb+a1c=",
      "requires": {
        "colors": "^1.2.1",
        "fecha": "^4.2.0",
        "ms": "^2.1.1",
        "safe-stable-stringify": "^1.1.0",
        "triple-beam": "^1.3.0"
      }
    },
    "long": {
      "version": "4.0.0",
      "resolved": "https://registry.npmmirror.com/long/download/long-4.0.0.tgz?cache=0&sync_timestamp=1635674717846&other_urls=https%3A%2F%2Fregistry.npmmirror.com%2Flong%2Fdownload%2Flong-4.0.0.tgz",
      "integrity": "sha1-mntxz7fTYaGU6lVSQckvdGjVvyg="
    },
    "lru-cache": {
      "version": "6.0.0",
      "resolved": "https://registry.nlark.com/lru-cache/download/lru-cache-6.0.0.tgz",
      "integrity": "sha1-bW/mVw69lqr5D8rR2vo7JWbbOpQ=",
      "requires": {
        "yallist": "^4.0.0"
      }
    },
    "media-typer": {
      "version": "0.3.0",
      "resolved": "https://registry.npm.taobao.org/media-typer/download/media-typer-0.3.0.tgz",
      "integrity": "sha1-hxDXrwqmJvj/+hzgAWhUUmMlV0g="
    },
    "methods": {
      "version": "1.1.2",
      "resolved": "https://registry.npm.taobao.org/methods/download/methods-1.1.2.tgz",
      "integrity": "sha1-VSmk1nZUE07cxSZmVoNbD4Ua/O4="
    },
    "mime-db": {
      "version": "1.49.0",
      "resolved": "https://registry.nlark.com/mime-db/download/mime-db-1.49.0.tgz",
      "integrity": "sha1-89/eYMmenPO8lwHWh3ePU3ABy+0="
    },
    "mime-types": {
      "version": "2.1.32",
      "resolved": "https://registry.nlark.com/mime-types/download/mime-types-2.1.32.tgz",
      "integrity": "sha1-HQDonn3n/gIAjbYQAdngKFJnD9U=",
      "requires": {
        "mime-db": "1.49.0"
      }
    },
    "ms": {
      "version": "2.1.2",
      "resolved": "https://registry.npmmirror.com/ms/download/ms-2.1.2.tgz",
      "integrity": "sha1-0J0fNXtEP0kzgqjrPM0YOHKuYAk="
    },
    "mysql2": {
      "version": "2.3.2",
      "resolved": "https://registry.npmmirror.com/mysql2/download/mysql2-2.3.2.tgz",
      "integrity": "sha1-Pv6YFNvxwqPXwqH8RmYjWTmUP/k=",
      "requires": {
        "denque": "^2.0.1",
        "generate-function": "^2.3.1",
        "iconv-lite": "^0.6.3",
        "long": "^4.0.0",
        "lru-cache": "^6.0.0",
        "named-placeholders": "^1.1.2",
        "seq-queue": "^0.0.5",
        "sqlstring": "^2.3.2"
      },
      "dependencies": {
        "iconv-lite": {
          "version": "0.6.3",
          "resolved": "https://registry.nlark.com/iconv-lite/download/iconv-lite-0.6.3.tgz?cache=0&other_urls=https%3A%2F%2Fregistry.nlark.com%2Ficonv-lite%2Fdownload%2Ficonv-lite-0.6.3.tgz",
          "integrity": "sha1-pS+AvzjaGVLrXGgXkHGYcaGnJQE=",
          "requires": {
            "safer-buffer": ">= 2.1.2 < 3.0.0"
          }
        }
      }
    },
    "named-placeholders": {
      "version": "1.1.2",
      "resolved": "https://registry.npm.taobao.org/named-placeholders/download/named-placeholders-1.1.2.tgz",
      "integrity": "sha1-zrH7/1C2szSStc8hTM9eOc7z0Og=",
      "requires": {
        "lru-cache": "^4.1.3"
      },
      "dependencies": {
        "lru-cache": {
          "version": "4.1.5",
          "resolved": "https://registry.nlark.com/lru-cache/download/lru-cache-4.1.5.tgz",
          "integrity": "sha1-i75Q6oW+1ZvJ4z3KuCNe6bz0Q80=",
          "requires": {
            "pseudomap": "^1.0.2",
            "yallist": "^2.1.2"
          }
        },
        "yallist": {
          "version": "2.1.2",
          "resolved": "https://registry.npm.taobao.org/yallist/download/yallist-2.1.2.tgz",
          "integrity": "sha1-HBH5IY8HYImkfdUS+TxmmaaoHVI="
        }
      }
    },
    "negotiator": {
      "version": "0.6.2",
      "resolved": "https://registry.npm.taobao.org/negotiator/download/negotiator-0.6.2.tgz",
      "integrity": "sha1-/qz3zPUlp3rpY0Q2pkiD/+yjRvs="
    },
    "nodemailer": {
      "version": "6.7.0",
      "resolved": "https://registry.npmmirror.com/nodemailer/download/nodemailer-6.7.0.tgz?cache=0&sync_timestamp=1634008269280&other_urls=https%3A%2F%2Fregistry.npmmirror.com%2Fnodemailer%2Fdownload%2Fnodemailer-6.7.0.tgz",
      "integrity": "sha1-hmFHIsTgwz0bWwKuy5DW1imTKw0="
    },
    "object-inspect": {
      "version": "1.11.0",
      "resolved": "https://registry.nlark.com/object-inspect/download/object-inspect-1.11.0.tgz",
      "integrity": "sha1-nc6xRs7dQUig2eUauI00z1CZIrE="
    },
    "on-finished": {
      "version": "2.3.0",
      "resolved": "https://registry.npm.taobao.org/on-finished/download/on-finished-2.3.0.tgz",
      "integrity": "sha1-IPEzZIGwg811M3mSoWlxqi2QaUc=",
      "requires": {
        "ee-first": "1.1.1"
      }
    },
    "one-time": {
      "version": "1.0.0",
      "resolved": "https://registry.npm.taobao.org/one-time/download/one-time-1.0.0.tgz",
      "integrity": "sha1-4GvBdK7SFO1Y7e3lc7Qzu/gny0U=",
      "requires": {
        "fn.name": "1.x.x"
      }
    },
    "only": {
      "version": "0.0.2",
      "resolved": "https://registry.npm.taobao.org/only/download/only-0.0.2.tgz",
      "integrity": "sha1-Kv3oTQPlC5qO3EROMGEKcCle37Q="
    },
    "parseurl": {
      "version": "1.3.3",
      "resolved": "https://registry.npm.taobao.org/parseurl/download/parseurl-1.3.3.tgz",
      "integrity": "sha1-naGee+6NEt/wUT7Vt2lXeTvC6NQ="
    },
    "path-to-regexp": {
      "version": "6.2.0",
      "resolved": "https://registry.npm.taobao.org/path-to-regexp/download/path-to-regexp-6.2.0.tgz?cache=0&sync_timestamp=1601400328354&other_urls=https%3A%2F%2Fregistry.npm.taobao.org%2Fpath-to-regexp%2Fdownload%2Fpath-to-regexp-6.2.0.tgz",
      "integrity": "sha1-97OAMzYQTDRoia3s5hRmkjBkXzg="
    },
    "process-nextick-args": {
      "version": "2.0.1",
      "resolved": "https://registry.npm.taobao.org/process-nextick-args/download/process-nextick-args-2.0.1.tgz",
      "integrity": "sha1-eCDZsWEgzFXKmud5JoCufbptf+I="
    },
    "pseudomap": {
      "version": "1.0.2",
      "resolved": "https://registry.npm.taobao.org/pseudomap/download/pseudomap-1.0.2.tgz",
      "integrity": "sha1-8FKijacOYYkX7wqKw0wa5aaChrM="
    },
    "qs": {
      "version": "6.10.1",
      "resolved": "https://registry.npm.taobao.org/qs/download/qs-6.10.1.tgz",
      "integrity": "sha1-STFIL6jWR6Wqt5nFJx0hM7mB+2o=",
      "requires": {
        "side-channel": "^1.0.4"
      }
    },
    "raw-body": {
      "version": "2.4.1",
      "resolved": "https://registry.npm.taobao.org/raw-body/download/raw-body-2.4.1.tgz",
      "integrity": "sha1-MKyC+Yu1rowVLmcUnayNVRU7Fow=",
      "requires": {
        "bytes": "3.1.0",
        "http-errors": "1.7.3",
        "iconv-lite": "0.4.24",
        "unpipe": "1.0.0"
      },
      "dependencies": {
        "depd": {
          "version": "1.1.2",
          "resolved": "https://registry.npm.taobao.org/depd/download/depd-1.1.2.tgz",
          "integrity": "sha1-m81S4UwJd2PnSbJ0xDRu0uVgtak="
        },
        "http-errors": {
          "version": "1.7.3",
          "resolved": "https://registry.npm.taobao.org/http-errors/download/http-errors-1.7.3.tgz",
          "integrity": "sha1-bGGeT5xgMIw4UZSYwU+7EKrOuwY=",
          "requires": {
            "depd": "~1.1.2",
            "inherits": "2.0.4",
            "setprototypeof": "1.1.1",
            "statuses": ">= 1.5.0 < 2",
            "toidentifier": "1.0.0"
          }
        },
        "setprototypeof": {
          "version": "1.1.1",
          "resolved": "https://registry.npm.taobao.org/setprototypeof/download/setprototypeof-1.1.1.tgz",
          "integrity": "sha1-fpWsskqpL1iF4KvvW6ExMw1K5oM="
        }
      }
    },
    "readable-stream": {
      "version": "3.6.0",
      "resolved": "https://registry.npm.taobao.org/readable-stream/download/readable-stream-3.6.0.tgz",
      "integrity": "sha1-M3u9o63AcGvT4CRCaihtS0sskZg=",
      "requires": {
        "inherits": "^2.0.3",
        "string_decoder": "^1.1.1",
        "util-deprecate": "^1.0.1"
      }
    },
    "safe-buffer": {
      "version": "5.1.2",
      "resolved": "https://registry.nlark.com/safe-buffer/download/safe-buffer-5.1.2.tgz",
      "integrity": "sha1-mR7GnSluAxN0fVm9/St0XDX4go0="
    },
    "safe-stable-stringify": {
      "version": "1.1.1",
      "resolved": "https://registry.nlark.com/safe-stable-stringify/download/safe-stable-stringify-1.1.1.tgz",
      "integrity": "sha1-yKIgq1Jc2U5g6/R93EBNYQ3F2Eo="
    },
    "safer-buffer": {
      "version": "2.1.2",
      "resolved": "https://registry.npm.taobao.org/safer-buffer/download/safer-buffer-2.1.2.tgz",
      "integrity": "sha1-RPoWGwGHuVSd2Eu5GAL5vYOFzWo="
    },
    "seq-queue": {
      "version": "0.0.5",
      "resolved": "https://registry.npm.taobao.org/seq-queue/download/seq-queue-0.0.5.tgz",
      "integrity": "sha1-1WgS4cAXpuTnw+Ojeh2m143TyT4="
    },
    "setprototypeof": {
      "version": "1.2.0",
      "resolved": "https://registry.npm.taobao.org/setprototypeof/download/setprototypeof-1.2.0.tgz",
      "integrity": "sha1-ZsmiSnP5/CjL5msJ/tPTPcrxtCQ="
    },
    "side-channel": {
      "version": "1.0.4",
      "resolved": "https://registry.npm.taobao.org/side-channel/download/side-channel-1.0.4.tgz",
      "integrity": "sha1-785cj9wQTudRslxY1CkAEfpeos8=",
      "requires": {
        "call-bind": "^1.0.0",
        "get-intrinsic": "^1.0.2",
        "object-inspect": "^1.9.0"
      }
    },
    "simple-swizzle": {
      "version": "0.2.2",
      "resolved": "https://registry.npm.taobao.org/simple-swizzle/download/simple-swizzle-0.2.2.tgz",
      "integrity": "sha1-pNprY1/8zMoz9w0Xy5JZLeleVXo=",
      "requires": {
        "is-arrayish": "^0.3.1"
      }
    },
    "sqlstring": {
      "version": "2.3.2",
      "resolved": "https://registry.npm.taobao.org/sqlstring/download/sqlstring-2.3.2.tgz",
      "integrity": "sha1-za5xaTiaE3WxjohfLmCz5GCAlRQ="
    },
    "stack-trace": {
      "version": "0.0.10",
      "resolved": "https://registry.nlark.com/stack-trace/download/stack-trace-0.0.10.tgz?cache=0&sync_timestamp=1620387102438&other_urls=https%3A%2F%2Fregistry.nlark.com%2Fstack-trace%2Fdownload%2Fstack-trace-0.0.10.tgz",
      "integrity": "sha1-VHxws0fo0ytOEI6hoqFZ5f3eGcA="
    },
    "statuses": {
      "version": "1.5.0",
      "resolved": "https://registry.npm.taobao.org/statuses/download/statuses-1.5.0.tgz?cache=0&sync_timestamp=1609654066899&other_urls=https%3A%2F%2Fregistry.npm.taobao.org%2Fstatuses%2Fdownload%2Fstatuses-1.5.0.tgz",
      "integrity": "sha1-Fhx9rBd2Wf2YEfQ3cfqZOBR4Yow="
    },
    "string_decoder": {
      "version": "1.3.0",
      "resolved": "https://registry.npm.taobao.org/string_decoder/download/string_decoder-1.3.0.tgz",
      "integrity": "sha1-QvEUWUpGzxqOMLCoT1bHjD7awh4=",
      "requires": {
        "safe-buffer": "~5.2.0"
      },
      "dependencies": {
        "safe-buffer": {
          "version": "5.2.1",
          "resolved": "https://registry.nlark.com/safe-buffer/download/safe-buffer-5.2.1.tgz",
          "integrity": "sha1-Hq+fqb2x/dTsdfWPnNtOa3gn7sY="
        }
      }
    },
    "text-hex": {
      "version": "1.0.0",
      "resolved": "https://registry.npm.taobao.org/text-hex/download/text-hex-1.0.0.tgz",
      "integrity": "sha1-adycGxdEbueakr9biEu0uRJ1BvU="
    },
    "toidentifier": {
      "version": "1.0.0",
      "resolved": "https://registry.npm.taobao.org/toidentifier/download/toidentifier-1.0.0.tgz",
      "integrity": "sha1-fhvjRw8ed5SLxD2Uo8j013UrpVM="
    },
    "triple-beam": {
      "version": "1.3.0",
      "resolved": "https://registry.npm.taobao.org/triple-beam/download/triple-beam-1.3.0.tgz",
      "integrity": "sha1-pZUhTHKY24M57u7gg+TRC9jLjdk="
    },
    "tsscmp": {
      "version": "1.0.6",
      "resolved": "https://registry.npm.taobao.org/tsscmp/download/tsscmp-1.0.6.tgz",
      "integrity": "sha1-hbmVg6w1iexL/vgltQAKqRHWBes="
    },
    "type-is": {
      "version": "1.6.18",
      "resolved": "https://registry.npm.taobao.org/type-is/download/type-is-1.6.18.tgz",
      "integrity": "sha1-TlUs0F3wlGfcvE73Od6J8s83wTE=",
      "requires": {
        "media-typer": "0.3.0",
        "mime-types": "~2.1.24"
      }
    },
    "unpipe": {
      "version": "1.0.0",
      "resolved": "https://registry.npm.taobao.org/unpipe/download/unpipe-1.0.0.tgz",
      "integrity": "sha1-sr9O6FFKrmFltIF4KdIbLvSZBOw="
    },
    "util-deprecate": {
      "version": "1.0.2",
      "resolved": "https://registry.npm.taobao.org/util-deprecate/download/util-deprecate-1.0.2.tgz",
      "integrity": "sha1-RQ1Nyfpw3nMnYvvS1KKJgUGaDM8="
    },
    "uuid": {
      "version": "8.3.2",
      "resolved": "https://registry.nlark.com/uuid/download/uuid-8.3.2.tgz",
      "integrity": "sha1-gNW1ztJxu5r2xEXyGhoExgbO++I="
    },
    "vary": {
      "version": "1.1.2",
      "resolved": "https://registry.npm.taobao.org/vary/download/vary-1.1.2.tgz",
      "integrity": "sha1-IpnwLG3tMNSllhsLn3RSShj2NPw="
    },
    "winston": {
      "version": "3.3.3",
      "resolved": "https://registry.npm.taobao.org/winston/download/winston-3.3.3.tgz",
      "integrity": "sha1-rmFyBCyvspeGr6PQnI/4M6t8kXA=",
      "requires": {
        "@dabh/diagnostics": "^2.0.2",
        "async": "^3.1.0",
        "is-stream": "^2.0.0",
        "logform": "^2.2.0",
        "one-time": "^1.0.0",
        "readable-stream": "^3.4.0",
        "stack-trace": "0.0.x",
        "triple-beam": "^1.3.0",
        "winston-transport": "^4.4.0"
      }
    },
    "winston-transport": {
      "version": "4.4.0",
      "resolved": "https://registry.npm.taobao.org/winston-transport/download/winston-transport-4.4.0.tgz",
      "integrity": "sha1-F69RjappDVsuzMqnrPeyDKeSXlk=",
      "requires": {
        "readable-stream": "^2.3.7",
        "triple-beam": "^1.2.0"
      },
      "dependencies": {
        "readable-stream": {
          "version": "2.3.7",
          "resolved": "https://registry.npm.taobao.org/readable-stream/download/readable-stream-2.3.7.tgz",
          "integrity": "sha1-Hsoc9xGu+BTAT2IlKjamL2yyO1c=",
          "requires": {
            "core-util-is": "~1.0.0",
            "inherits": "~2.0.3",
            "isarray": "~1.0.0",
            "process-nextick-args": "~2.0.0",
            "safe-buffer": "~5.1.1",
            "string_decoder": "~1.1.1",
            "util-deprecate": "~1.0.1"
          }
        },
        "string_decoder": {
          "version": "1.1.1",
          "resolved": "https://registry.npm.taobao.org/string_decoder/download/string_decoder-1.1.1.tgz",
          "integrity": "sha1-nPFhG6YmhdcDCunkujQUnDrwP8g=",
          "requires": {
            "safe-buffer": "~5.1.0"
          }
        }
      }
    },
    "yallist": {
      "version": "4.0.0",
      "resolved": "https://registry.npm.taobao.org/yallist/download/yallist-4.0.0.tgz",
      "integrity": "sha1-m7knkNnA7/7GO+c1GeEaNQGaOnI="
    },
    "ylru": {
      "version": "1.2.1",
      "resolved": "https://registry.npm.taobao.org/ylru/download/ylru-1.2.1.tgz",
      "integrity": "sha1-9Xa2M0FUeYnB3nuiiHYJI7J/6E8="
    }
  }
}
